Microsoft Visual Studio Solution File, Format Version 12.00
# Visual Studio 15
Project("{8BC9CEB8-8B4A-11D0-8D11-00A0C91BC942}") = "ALL_BUILD", "ALL_BUILD.vcxproj", "{D9239A35-E94E-3456-94B2-6B4E9729C157}"
	ProjectSection(ProjectDependencies) = postProject
		{5356BAC5-4189-3B50-965B-8FC6EB945458} = {5356BAC5-4189-3B50-965B-8FC6EB945458}
		{C4D4B496-0712-3642-9D44-747934055AC9} = {C4D4B496-0712-3642-9D44-747934055AC9}
	EndProjectSection
EndProject
Project("{8BC9CEB8-8B4A-11D0-8D11-00A0C91BC942}") = "ZERO_CHECK", "ZERO_CHECK.vcxproj", "{5356BAC5-4189-3B50-965B-8FC6EB945458}"
	ProjectSection(ProjectDependencies) = postProject
	EndProjectSection
EndProject
Project("{8BC9CEB8-8B4A-11D0-8D11-00A0C91BC942}") = "stap++", "stap++.vcxproj", "{C4D4B496-0712-3642-9D44-747934055AC9}"
	ProjectSection(ProjectDependencies) = postProject
		{5356BAC5-4189-3B50-965B-8FC6EB945458} = {5356BAC5-4189-3B50-965B-8FC6EB945458}
	EndProjectSection
EndProject
Global
	GlobalSection(SolutionConfigurationPlatforms) = preSolution
		Debug|Win32 = Debug|Win32
		Release|Win32 = Release|Win32
		MinSizeRel|Win32 = MinSizeRel|Win32
		RelWithDebInfo|Win32 = RelWithDebInfo|Win32
	EndGlobalSection
	GlobalSection(ProjectConfigurationPlatforms) = postSolution
		{D9239A35-E94E-3456-94B2-6B4E9729C157}.Debug|Win32.ActiveCfg = Debug|Win32
		{D9239A35-E94E-3456-94B2-6B4E9729C157}.Release|Win32.ActiveCfg = Release|Win32
		{D9239A35-E94E-3456-94B2-6B4E9729C157}.MinSizeRel|Win32.ActiveCfg = MinSizeRel|Win32
		{D9239A35-E94E-3456-94B2-6B4E9729C157}.RelWithDebInfo|Win32.ActiveCfg = RelWithDebInfo|Win32
		{5356BAC5-4189-3B50-965B-8FC6EB945458}.Debug|Win32.ActiveCfg = Debug|Win32
		{5356BAC5-4189-3B50-965B-8FC6EB945458}.Debug|Win32.Build.0 = Debug|Win32
		{5356BAC5-4189-3B50-965B-8FC6EB945458}.Release|Win32.ActiveCfg = Release|Win32
		{5356BAC5-4189-3B50-965B-8FC6EB945458}.Release|Win32.Build.0 = Release|Win32
		{5356BAC5-4189-3B50-965B-8FC6EB945458}.MinSizeRel|Win32.ActiveCfg = MinSizeRel|Win32
		{5356BAC5-4189-3B50-965B-8FC6EB945458}.MinSizeRel|Win32.Build.0 = MinSizeRel|Win32
		{5356BAC5-4189-3B50-965B-8FC6EB945458}.RelWithDebInfo|Win32.ActiveCfg = RelWithDebInfo|Win32
		{5356BAC5-4189-3B50-965B-8FC6EB945458}.RelWithDebInfo|Win32.Build.0 = RelWithDebInfo|Win32
		{C4D4B496-0712-3642-9D44-747934055AC9}.Debug|Win32.ActiveCfg = Debug|Win32
		{C4D4B496-0712-3642-9D44-747934055AC9}.Debug|Win32.Build.0 = Debug|Win32
		{C4D4B496-0712-3642-9D44-747934055AC9}.Release|Win32.ActiveCfg = Release|Win32
		{C4D4B496-0712-3642-9D44-747934055AC9}.Release|Win32.Build.0 = Release|Win32
		{C4D4B496-0712-3642-9D44-747934055AC9}.MinSizeRel|Win32.ActiveCfg = MinSizeRel|Win32
		{C4D4B496-0712-3642-9D44-747934055AC9}.MinSizeRel|Win32.Build.0 = MinSizeRel|Win32
		{C4D4B496-0712-3642-9D44-747934055AC9}.RelWithDebInfo|Win32.ActiveCfg = RelWithDebInfo|Win32
		{C4D4B496-0712-3642-9D44-747934055AC9}.RelWithDebInfo|Win32.Build.0 = RelWithDebInfo|Win32
	EndGlobalSection
	GlobalSection(ExtensibilityGlobals) = postSolution
		SolutionGuid = {025FFD29-479F-32BF-9025-686E7A2CB59D}
	EndGlobalSection
	GlobalSection(ExtensibilityAddIns) = postSolution
	EndGlobalSection
EndGlobal
